
Microsoft Visual Studio Solution File, Format Version 12.00
# Visual Studio Version 17
VisualStudioVersion = 17.13.35825.156 d17.13
MinimumVisualStudioVersion = 10.0.40219.1
Project("{FAE04EC0-301F-11D3-BF4B-00C04F79EFBC}") = "NewKnowledgeAPI", "NewKnowledgeAPI.csproj", "{183045F8-90C9-416E-BC40-8014D22ED827}"
EndProject
Global
	GlobalSection(SolutionConfigurationPlatforms) = preSolution
		Debug|Any CPU = Debug|Any CPU
		Release|Any CPU = Release|Any CPU
	EndGlobalSection
	GlobalSection(ProjectConfigurationPlatforms) = postSolution
		{183045F8-90C9-416E-BC40-8014D22ED827}.Debug|Any CPU.ActiveCfg = Debug|Any CPU
		{183045F8-90C9-416E-BC40-8014D22ED827}.Debug|Any CPU.Build.0 = Debug|Any CPU
		{183045F8-90C9-416E-BC40-8014D22ED827}.Release|Any CPU.ActiveCfg = Release|Any CPU
		{183045F8-90C9-416E-BC40-8014D22ED827}.Release|Any CPU.Build.0 = Release|Any CPU
	EndGlobalSection
	GlobalSection(SolutionProperties) = preSolution
		HideSolutionNode = FALSE
	EndGlobalSection
	GlobalSection(ExtensibilityGlobals) = postSolution
		SolutionGuid = {BB4B4944-D047-4A7B-AF34-E5272F4705EC}
	EndGlobalSection
EndGlobal
